
Microsoft Visual Studio Solution File, Format Version 12.00
# Visual Studio Version 16
VisualStudioVersion = 16.0.30204.135
MinimumVisualStudioVersion = 10.0.40219.1
Project("{FAE04EC0-301F-11D3-BF4B-00C04F79EFBC}") = "Hello", "Hello\Hello.csproj", "{C7385EA5-DFEB-4D08-A924-47F9558487D9}"
EndProject
Project("{FAE04EC0-301F-11D3-BF4B-00C04F79EFBC}") = "StudentDiary", "StudentDiary\StudentDiary.csproj", "{490AAA72-3F39-4F93-9936-C7EBF552A384}"
EndProject
Project("{FAE04EC0-301F-11D3-BF4B-00C04F79EFBC}") = "Constructors", "Constructors\Constructors.csproj", "{2B3AF247-2999-4A55-9EE5-CE558CC85CD3}"
EndProject
Project("{FAE04EC0-301F-11D3-BF4B-00C04F79EFBC}") = "Odcinek10", "Odcinek10\Odcinek10.csproj", "{D594A92F-4652-4B7E-B84C-61C3908E079D}"
EndProject
Project("{FAE04EC0-301F-11D3-BF4B-00C04F79EFBC}") = "StudentDiary2", "StudentDiary2\StudentDiary2.csproj", "{90F8ECEB-4D78-44DD-A020-EDCB80289D0F}"
EndProject
Project("{FAE04EC0-301F-11D3-BF4B-00C04F79EFBC}") = "Typy", "Typy\Typy.csproj", "{90072394-54B3-43CC-A387-E8190875E4D4}"
EndProject
Project("{FAE04EC0-301F-11D3-BF4B-00C04F79EFBC}") = "Typy.Tests", "Typy.Tests\Typy.Tests.csproj", "{0CE36403-23AB-4CCE-AF99-42DD35CFC67E}"
EndProject
Project("{FAE04EC0-301F-11D3-BF4B-00C04F79EFBC}") = "Members", "Members\Members.csproj", "{73D7140B-E132-4A93-81ED-BCB274CE59C4}"
EndProject
Global
	GlobalSection(SolutionConfigurationPlatforms) = preSolution
		Debug|Any CPU = Debug|Any CPU
		Release|Any CPU = Release|Any CPU
	EndGlobalSection
	GlobalSection(ProjectConfigurationPlatforms) = postSolution
		{C7385EA5-DFEB-4D08-A924-47F9558487D9}.Debug|Any CPU.ActiveCfg = Debug|Any CPU
		{C7385EA5-DFEB-4D08-A924-47F9558487D9}.Debug|Any CPU.Build.0 = Debug|Any CPU
		{C7385EA5-DFEB-4D08-A924-47F9558487D9}.Release|Any CPU.ActiveCfg = Release|Any CPU
		{C7385EA5-DFEB-4D08-A924-47F9558487D9}.Release|Any CPU.Build.0 = Release|Any CPU
		{490AAA72-3F39-4F93-9936-C7EBF552A384}.Debug|Any CPU.ActiveCfg = Debug|Any CPU
		{490AAA72-3F39-4F93-9936-C7EBF552A384}.Debug|Any CPU.Build.0 = Debug|Any CPU
		{490AAA72-3F39-4F93-9936-C7EBF552A384}.Release|Any CPU.ActiveCfg = Release|Any CPU
		{490AAA72-3F39-4F93-9936-C7EBF552A384}.Release|Any CPU.Build.0 = Release|Any CPU
		{2B3AF247-2999-4A55-9EE5-CE558CC85CD3}.Debug|Any CPU.ActiveCfg = Debug|Any CPU
		{2B3AF247-2999-4A55-9EE5-CE558CC85CD3}.Debug|Any CPU.Build.0 = Debug|Any CPU
		{2B3AF247-2999-4A55-9EE5-CE558CC85CD3}.Release|Any CPU.ActiveCfg = Release|Any CPU
		{2B3AF247-2999-4A55-9EE5-CE558CC85CD3}.Release|Any CPU.Build.0 = Release|Any CPU
		{D594A92F-4652-4B7E-B84C-61C3908E079D}.Debug|Any CPU.ActiveCfg = Debug|Any CPU
		{D594A92F-4652-4B7E-B84C-61C3908E079D}.Debug|Any CPU.Build.0 = Debug|Any CPU
		{D594A92F-4652-4B7E-B84C-61C3908E079D}.Release|Any CPU.ActiveCfg = Release|Any CPU
		{D594A92F-4652-4B7E-B84C-61C3908E079D}.Release|Any CPU.Build.0 = Release|Any CPU
		{90F8ECEB-4D78-44DD-A020-EDCB80289D0F}.Debug|Any CPU.ActiveCfg = Debug|Any CPU
		{90F8ECEB-4D78-44DD-A020-EDCB80289D0F}.Debug|Any CPU.Build.0 = Debug|Any CPU
		{90F8ECEB-4D78-44DD-A020-EDCB80289D0F}.Release|Any CPU.ActiveCfg = Release|Any CPU
		{90F8ECEB-4D78-44DD-A020-EDCB80289D0F}.Release|Any CPU.Build.0 = Release|Any CPU
		{90072394-54B3-43CC-A387-E8190875E4D4}.Debug|Any CPU.ActiveCfg = Debug|Any CPU
		{90072394-54B3-43CC-A387-E8190875E4D4}.Debug|Any CPU.Build.0 = Debug|Any CPU
		{90072394-54B3-43CC-A387-E8190875E4D4}.Release|Any CPU.ActiveCfg = Release|Any CPU
		{90072394-54B3-43CC-A387-E8190875E4D4}.Release|Any CPU.Build.0 = Release|Any CPU
		{0CE36403-23AB-4CCE-AF99-42DD35CFC67E}.Debug|Any CPU.ActiveCfg = Debug|Any CPU
		{0CE36403-23AB-4CCE-AF99-42DD35CFC67E}.Debug|Any CPU.Build.0 = Debug|Any CPU
		{0CE36403-23AB-4CCE-AF99-42DD35CFC67E}.Release|Any CPU.ActiveCfg = Release|Any CPU
		{0CE36403-23AB-4CCE-AF99-42DD35CFC67E}.Release|Any CPU.Build.0 = Release|Any CPU
		{73D7140B-E132-4A93-81ED-BCB274CE59C4}.Debug|Any CPU.ActiveCfg = Debug|Any CPU
		{73D7140B-E132-4A93-81ED-BCB274CE59C4}.Debug|Any CPU.Build.0 = Debug|Any CPU
		{73D7140B-E132-4A93-81ED-BCB274CE59C4}.Release|Any CPU.ActiveCfg = Release|Any CPU
		{73D7140B-E132-4A93-81ED-BCB274CE59C4}.Release|Any CPU.Build.0 = Release|Any CPU
	EndGlobalSection
	GlobalSection(SolutionProperties) = preSolution
		HideSolutionNode = FALSE
	EndGlobalSection
	GlobalSection(ExtensibilityGlobals) = postSolution
		SolutionGuid = {7F9A7B3B-6849-4BD8-8445-13ACF08ADB08}
	EndGlobalSection
EndGlobal
